
Microsoft Visual Studio Solution File, Format Version 12.00
# Visual Studio Version 16
VisualStudioVersion = 16.0.28803.156
MinimumVisualStudioVersion = 10.0.40219.1
Project("{FAE04EC0-301F-11D3-BF4B-00C04F79EFBC}") = "PostmanProblemFixer", "PostmanProblemFixer\PostmanProblemFixer.csproj", "{3EE9BEE7-5779-4E99-95D9-80B731489E84}"
EndProject
Project("{FAE04EC0-301F-11D3-BF4B-00C04F79EFBC}") = "PostmanProblemFixerTests", "PostmanProblemFixerTests\PostmanProblemFixerTests.csproj", "{089416E5-8C06-47F3-9ABE-DCF91ECF2282}"
EndProject
Global
	GlobalSection(SolutionConfigurationPlatforms) = preSolution
		Debug|Any CPU = Debug|Any CPU
		Release|Any CPU = Release|Any CPU
	EndGlobalSection
	GlobalSection(ProjectConfigurationPlatforms) = postSolution
		{3EE9BEE7-5779-4E99-95D9-80B731489E84}.Debug|Any CPU.ActiveCfg = Debug|Any CPU
		{3EE9BEE7-5779-4E99-95D9-80B731489E84}.Debug|Any CPU.Build.0 = Debug|Any CPU
		{3EE9BEE7-5779-4E99-95D9-80B731489E84}.Release|Any CPU.ActiveCfg = Release|Any CPU
		{3EE9BEE7-5779-4E99-95D9-80B731489E84}.Release|Any CPU.Build.0 = Release|Any CPU
		{089416E5-8C06-47F3-9ABE-DCF91ECF2282}.Debug|Any CPU.ActiveCfg = Debug|Any CPU
		{089416E5-8C06-47F3-9ABE-DCF91ECF2282}.Debug|Any CPU.Build.0 = Debug|Any CPU
		{089416E5-8C06-47F3-9ABE-DCF91ECF2282}.Release|Any CPU.ActiveCfg = Release|Any CPU
		{089416E5-8C06-47F3-9ABE-DCF91ECF2282}.Release|Any CPU.Build.0 = Release|Any CPU
	EndGlobalSection
	GlobalSection(SolutionProperties) = preSolution
		HideSolutionNode = FALSE
	EndGlobalSection
	GlobalSection(ExtensibilityGlobals) = postSolution
		SolutionGuid = {D700A080-9240-4599-AF6C-666FA2251EF9}
	EndGlobalSection
EndGlobal
